lockfileVersion: '9.0'

settings:
  autoInstallPeers: true
  excludeLinksFromLockfile: false

importers:

  .:
    devDependencies:
      prettier:
        specifier: ^3.8.1
        version: 3.8.3
      turbo:
        specifier: ^2.9.3
        version: 2.9.14

  apps/web:
    dependencies:
      '@guild-optimized/db':
        specifier: workspace:*
        version: link:../../packages/db
      '@guild-optimized/domain-tasks':
        specifier: workspace:*
        version: link:../../packages/domain-tasks
      '@guild-optimized/shared':
        specifier: workspace:*
        version: link:../../packages/shared
      '@guild-optimized/ui':
        specifier: workspace:*
        version: link:../../packages/ui
      '@neondatabase/serverless':
        specifier: ^1.0.2
        version: 1.1.0
      drizzle-orm:
        specifier: ^0.45.2
        version: 0.45.2(@neondatabase/serverless@1.1.0)
      next:
        specifier: ^15.3.2
        version: 15.5.18(react-dom@19.2.6(react@19.2.6))(react@19.2.6)
      react:
        specifier: ^19.0.0
        version: 19.2.6
      react-dom:
        specifier: ^19.0.0
        version: 19.2.6(react@19.2.6)
      zod:
        specifier: ^3.25.0
        version: 3.25.76
    devDependencies:
      '@guild-optimized/config-eslint':
        specifier: workspace:*
        version: link:../../packages/config-eslint
      '@guild-optimized/config-tailwind':
        specifier: workspace:*
        version: link:../../packages/config-tailwind
      '@guild-optimized/config-typescript':
        specifier: workspace:*
        version: link:../../packages/config-typescript
      '@tailwindcss/postcss':
        specifier: ^4.2.2
        version: 4.3.0
      '@types/react':
        specifier: ^19.0.0
        version: 19.2.15
      '@types/react-dom':
        specifier: ^19.0.0
        version: 19.2.3(@types/react@19.2.15)
      eslint:
        specifier: ^9.0.0
        version: 9.39.4(jiti@2.7.0)
      eslint-config-next:
        specifier: ^15.3.2
        version: 15.5.18(eslint@9.39.4(jiti@2.7.0))(typescript@5.9.3)
      tailwindcss:
        specifier: ^4.2.2
        version: 4.3.0
      typescript:
        specifier: ^5.7.0
        version: 5.9.3

  packages/config-eslint:
    devDependencies:
      '@eslint/js':
        specifier: ^9.0.0
        version: 9.39.4
      eslint:
        specifier: ^9.0.0
        version: 9.39.4(jiti@2.7.0)
      typescript-eslint:
        specifier: ^8.32.0
        version: 8.59.4(eslint@9.39.4(jiti@2.7.0))(typescript@5.9.3)

  packages/config-tailwind:
    dependencies:
      tailwindcss:
        specifier: ^4.2.2
        version: 4.3.0

  packages/config-typescript: {}

  packages/db:
    dependencies:
      '@neondatabase/serverless':
        specifier: ^1.0.2
        version: 1.1.0
      drizzle-orm:
        specifier: ^0.45.2
        version: 0.45.2(@neondatabase/serverless@1.1.0)
    devDependencies:
      '@guild-optimized/config-eslint':
        specifier: workspace:*
        version: link:../config-eslint
      '@guild-optimized/config-typescript':
        specifier: workspace:*
        version: link:../config-typescript
      '@types/node':
        specifier: ^22.0.0
        version: 22.19.19
      drizzle-kit:
        specifier: ^0.31.10
        version: 0.31.10
      eslint:
        specifier: ^9.0.0
        version: 9.39.4(jiti@2.7.0)
      typescript:
        specifier: ^5.7.0
        version: 5.9.3

  packages/domain-tasks:
    dependencies:
      '@guild-optimized/db':
        specifier: workspace:*
        version: link:../db
      '@guild-optimized/shared':
        specifier: workspace:*
        version: link:../shared
      '@guild-optimized/ui':
        specifier: workspace:*
        version: link:../ui
      drizzle-orm:
        specifier: ^0.45.2
        version: 0.45.2(@neondatabase/serverless@1.1.0)
      zod:
        specifier: ^3.25.0
        version: 3.25.76
    devDependencies:
      '@guild-optimized/config-eslint':
        specifier: workspace:*
        version: link:../config-eslint
      '@guild-optimized/config-typescript':
        specifier: workspace:*
        version: link:../config-typescript
      '@types/node':
        specifier: ^22.0.0
        version: 22.19.19
      '@types/react':
        specifier: ^19.0.0
        version: 19.2.15
      eslint:
        specifier: ^9.0.0
        version: 9.39.4(jiti@2.7.0)
      react:
        specifier: ^19.0.0
        version: 19.2.6
      typescript:
        specifier: ^5.7.0
        version: 5.9.3
      vitest:
        specifier: ^3.1.0
        version: 3.2.4(@types/node@22.19.19)(jiti@2.7.0)(lightningcss@1.32.0)(tsx@4.22.3)

  packages/shared:
    devDependencies:
      '@guild-optimized/config-eslint':
        specifier: workspace:*
        version: link:../config-eslint
      '@guild-optimized/config-typescript':
        specifier: workspace:*
        version: link:../config-typescript
      eslint:
        specifier: ^9.0.0
        version: 9.39.4(jiti@2.7.0)
      typescript:
        specifier: ^5.7.0
        version: 5.9.3

  packages/ui:
    dependencies:
      '@radix-ui/react-dialog':
        specifier: ^1.1.14
        version: 1.1.15(@types/react-dom@19.2.3(@types/react@19.2.15))(@types/react@19.2.15)(react-dom@19.2.6(react@19.2.6))(react@19.2.6)
      '@radix-ui/react-dropdown-menu':
        specifier: ^2.1.15
        version: 2.1.16(@types/react-dom@19.2.3(@types/react@19.2.15))(@types/react@19.2.15)(react-dom@19.2.6(react@19.2.6))(react@19.2.6)
      '@radix-ui/react-label':
        specifier: ^2.1.7
        version: 2.1.8(@types/react-dom@19.2.3(@types/react@19.2.15))(@types/react@19.2.15)(react-dom@19.2.6(react@19.2.6))(react@19.2.6)
      '@radix-ui/react-select':
        specifier: ^2.2.5
        version: 2.2.6(@types/react-dom@19.2.3(@types/react@19.2.15))(@types/react@19.2.15)(react-dom@19.2.6(react@19.2.6))(react@19.2.6)
      '@radix-ui/react-separator':
        specifier: ^1.1.7
        version: 1.1.8(@types/react-dom@19.2.3(@types/react@19.2.15))(@types/react@19.2.15)(react-dom@19.2.6(react@19.2.6))(react@19.2.6)
      '@radix-ui/react-slot':
        specifier: ^1.2.3
        version: 1.2.4(@types/react@19.2.15)(react@19.2.6)
      class-variance-authority:
        specifier: ^0.7.1
        version: 0.7.1
      clsx:
        specifier: ^2.1.1
        version: 2.1.1
      lucide-react:
        specifier: ^0.488.0
        version: 0.488.0(react@19.2.6)
      tailwind-merge:
        specifier: ^3.2.0
        version: 3.6.0
    devDependencies:
      '@guild-optimized/config-eslint':
        specifier: workspace:*
        version: link:../config-eslint
      '@guild-optimized/config-tailwind':
        specifier: workspace:*
        version: link:../config-tailwind
      '@guild-optimized/config-typescript':
        specifier: workspace:*
        version: link:../config-typescript
      '@types/react':
        specifier: ^19.0.0
        version: 19.2.15
      '@types/react-dom':
        specifier: ^19.0.0
        version: 19.2.3(@types/react@19.2.15)
      eslint:
        specifier: ^9.0.0
        version: 9.39.4(jiti@2.7.0)
      react:
        specifier: ^19.0.0
        version: 19.2.6
      react-dom:
        specifier: ^19.0.0
        version: 19.2.6(react@19.2.6)
      typescript:
        specifier: ^5.7.0
        version: 5.9.3
